
Microsoft Visual Studio Solution File, Format Version 12.00
# Visual Studio Version 17
VisualStudioVersion = 17.1.32210.238
MinimumVisualStudioVersion = 10.0.40219.1
Project("{9A19103F-16F7-4668-BE54-9A1E7A4F7556}") = "Business", "Business\Business.csproj", "{285FB215-6F8C-4D49-B450-E87CC55EF966}"
EndProject
Project("{9A19103F-16F7-4668-BE54-9A1E7A4F7556}") = "DataAccess", "DataAccess\DataAccess.csproj", "{F49AB42E-F997-451F-805E-4AFDDBB4174B}"
EndProject
Project("{9A19103F-16F7-4668-BE54-9A1E7A4F7556}") = "Core", "Core\Core.csproj", "{BE2A9B54-5A15-4DFB-A9F3-DFA36D179249}"
EndProject
Project("{9A19103F-16F7-4668-BE54-9A1E7A4F7556}") = "Entities", "Entities\Entities.csproj", "{834CB77E-103E-4F70-9BDA-A28AE071B4F1}"
EndProject
Project("{9A19103F-16F7-4668-BE54-9A1E7A4F7556}") = "WebAPI", "WebAPI\WebAPI.csproj", "{59F57DB2-B681-4469-B936-D065B28FD287}"
EndProject
Project("{9A19103F-16F7-4668-BE54-9A1E7A4F7556}") = "ConsoleUI", "ConsoleUI\ConsoleUI.csproj", "{EA6794A8-160A-4A40-B37B-F0A39DFFA0B2}"
EndProject
Global
	GlobalSection(SolutionConfigurationPlatforms) = preSolution
		Debug|Any CPU = Debug|Any CPU
		Release|Any CPU = Release|Any CPU
	EndGlobalSection
	GlobalSection(ProjectConfigurationPlatforms) = postSolution
		{285FB215-6F8C-4D49-B450-E87CC55EF966}.Debug|Any CPU.ActiveCfg = Debug|Any CPU
		{285FB215-6F8C-4D49-B450-E87CC55EF966}.Debug|Any CPU.Build.0 = Debug|Any CPU
		{285FB215-6F8C-4D49-B450-E87CC55EF966}.Release|Any CPU.ActiveCfg = Release|Any CPU
		{285FB215-6F8C-4D49-B450-E87CC55EF966}.Release|Any CPU.Build.0 = Release|Any CPU
		{F49AB42E-F997-451F-805E-4AFDDBB4174B}.Debug|Any CPU.ActiveCfg = Debug|Any CPU
		{F49AB42E-F997-451F-805E-4AFDDBB4174B}.Debug|Any CPU.Build.0 = Debug|Any CPU
		{F49AB42E-F997-451F-805E-4AFDDBB4174B}.Release|Any CPU.ActiveCfg = Release|Any CPU
		{F49AB42E-F997-451F-805E-4AFDDBB4174B}.Release|Any CPU.Build.0 = Release|Any CPU
		{BE2A9B54-5A15-4DFB-A9F3-DFA36D179249}.Debug|Any CPU.ActiveCfg = Debug|Any CPU
		{BE2A9B54-5A15-4DFB-A9F3-DFA36D179249}.Debug|Any CPU.Build.0 = Debug|Any CPU
		{BE2A9B54-5A15-4DFB-A9F3-DFA36D179249}.Release|Any CPU.ActiveCfg = Release|Any CPU
		{BE2A9B54-5A15-4DFB-A9F3-DFA36D179249}.Release|Any CPU.Build.0 = Release|Any CPU
		{834CB77E-103E-4F70-9BDA-A28AE071B4F1}.Debug|Any CPU.ActiveCfg = Debug|Any CPU
		{834CB77E-103E-4F70-9BDA-A28AE071B4F1}.Debug|Any CPU.Build.0 = Debug|Any CPU
		{834CB77E-103E-4F70-9BDA-A28AE071B4F1}.Release|Any CPU.ActiveCfg = Release|Any CPU
		{834CB77E-103E-4F70-9BDA-A28AE071B4F1}.Release|Any CPU.Build.0 = Release|Any CPU
		{59F57DB2-B681-4469-B936-D065B28FD287}.Debug|Any CPU.ActiveCfg = Debug|Any CPU
		{59F57DB2-B681-4469-B936-D065B28FD287}.Debug|Any CPU.Build.0 = Debug|Any CPU
		{59F57DB2-B681-4469-B936-D065B28FD287}.Release|Any CPU.ActiveCfg = Release|Any CPU
		{59F57DB2-B681-4469-B936-D065B28FD287}.Release|Any CPU.Build.0 = Release|Any CPU
		{EA6794A8-160A-4A40-B37B-F0A39DFFA0B2}.Debug|Any CPU.ActiveCfg = Debug|Any CPU
		{EA6794A8-160A-4A40-B37B-F0A39DFFA0B2}.Debug|Any CPU.Build.0 = Debug|Any CPU
		{EA6794A8-160A-4A40-B37B-F0A39DFFA0B2}.Release|Any CPU.ActiveCfg = Release|Any CPU
		{EA6794A8-160A-4A40-B37B-F0A39DFFA0B2}.Release|Any CPU.Build.0 = Release|Any CPU
	EndGlobalSection
	GlobalSection(SolutionProperties) = preSolution
		HideSolutionNode = FALSE
	EndGlobalSection
	GlobalSection(ExtensibilityGlobals) = postSolution
		SolutionGuid = {D6FCBE5A-3273-4F99-A712-FCD265415F45}
	EndGlobalSection
EndGlobal
